lockfileVersion: '9.0'

settings:
  autoInstallPeers: true
  excludeLinksFromLockfile: false

importers:

  .:
    dependencies:
      '@azure/functions':
        specifier: ^4.5.0
        version: 4.7.3

packages:

  '@azure/functions@4.7.3':
    resolution: {integrity: sha512-NwizjL8qcujVq+Yl3iL6TvtEC9v4CWZgipd0UPa5PvM2a5Uiqd1Uk8wGCYPhfskGy+1YpBLyQje1SRdlLzB6Jw==}
    engines: {node: '>=18.0'}

  cookie@0.7.2:
    resolution: {integrity: sha512-yki5XnKuf750l50uGTllt6kKILY4nQ1eNIQatoXEByZ5dWgnKqbnqmTrBE5B4N7lrMJKQ2ytWMiTO2o0v6Ew/w==}
    engines: {node: '>= 0.6'}

  long@4.0.0:
    resolution: {integrity: sha512-XsP+KhQif4bjX1kbuSiySJFNAehNxgLb6hPRGJ9QsUr8ajHkuXGdrHmFUTUUXhDwVX2R5bY4JNZEwbUiMhV+MA==}

  undici@7.10.0:
    resolution: {integrity: sha512-u5otvFBOBZvmdjWLVW+5DAc9Nkq8f24g0O9oY7qw2JVIF1VocIFoyz9JFkuVOS2j41AufeO0xnlweJ2RLT8nGw==}
    engines: {node: '>=20.18.1'}

snapshots:

  '@azure/functions@4.7.3':
    dependencies:
      cookie: 0.7.2
      long: 4.0.0
      undici: 7.10.0

  cookie@0.7.2: {}

  long@4.0.0: {}

  undici@7.10.0: {}
